// !$*UTF8*$!
{
	archiveVersion = 1;
	classes = {
	};
	objectVersion = 46;
	objects = {

/* Begin PBXBuildFile section */
		3A0ECF6A21382D5800E4F626 /* Z2 - Between Hyatt Marriott.gpx in Resources */ = {isa = PBXBuildFile; fileRef = 3A0ECF6721382D5700E4F626 /* Z2 - Between Hyatt Marriott.gpx */; };
		3A0ECF6B21382D5800E4F626 /* Z3 - Marriott Marquis.gpx in Resources */ = {isa = PBXBuildFile; fileRef = 3A0ECF6821382D5800E4F626 /* Z3 - Marriott Marquis.gpx */; };
		3A0ECF6C21382D5800E4F626 /* Z1 - Hyatt Regency.gpx in Resources */ = {isa = PBXBuildFile; fileRef = 3A0ECF6921382D5800E4F626 /* Z1 - Hyatt Regency.gpx */; };
		3A0ECF6E213830E700E4F626 /* Z4 - Hyatt Marriott SE.gpx in Resources */ = {isa = PBXBuildFile; fileRef = 3A0ECF6D213830E700E4F626 /* Z4 - Hyatt Marriott SE.gpx */; };
		3A0ECF702138323C00E4F626 /* Z5 - Hyatt Marriott NE.gpx in Resources */ = {isa = PBXBuildFile; fileRef = 3A0ECF6F2138323C00E4F626 /* Z5 - Hyatt Marriott NE.gpx */; };
		3A0ECF7221383F9B00E4F626 /* Z0 - Hyatt Regency SW.gpx in Resources */ = {isa = PBXBuildFile; fileRef = 3A0ECF7121383F9B00E4F626 /* Z0 - Hyatt Regency SW.gpx */; };
		3A0ECF742138404C00E4F626 /* Z - Peachtree Center.gpx in Resources */ = {isa = PBXBuildFile; fileRef = 3A0ECF732138404B00E4F626 /* Z - Peachtree Center.gpx */; };
		3A1B94281D36ECD70040A483 /* Ponce Ball Park.gpx in Resources */ = {isa = PBXBuildFile; fileRef = 3A1B94271D36ECD70040A483 /* Ponce Ball Park.gpx */; };
		3A1D5AB81D3313A400246D8B /* main.m in Sources */ = {isa = PBXBuildFile; fileRef = 3A1D5AB71D3313A400246D8B /* main.m */; };
		3A1D5ABB1D3313A400246D8B /* AppDelegate.m in Sources */ = {isa = PBXBuildFile; fileRef = 3A1D5ABA1D3313A400246D8B /* AppDelegate.m */; };
		3A1D5ABE1D3313A400246D8B /* ViewController.m in Sources */ = {isa = PBXBuildFile; fileRef = 3A1D5ABD1D3313A400246D8B /* ViewController.m */; };
		3A1D5AC11D3313A400246D8B /* Main.storyboard in Resources */ = {isa = PBXBuildFile; fileRef = 3A1D5ABF1D3313A400246D8B /* Main.storyboard */; };
		3A1D5AC31D3313A400246D8B /* Assets.xcassets in Resources */ = {isa = PBXBuildFile; fileRef = 3A1D5AC21D3313A400246D8B /* Assets.xcassets */; };
		3A1D5AC61D3313A400246D8B /* LaunchScreen.storyboard in Resources */ = {isa = PBXBuildFile; fileRef = 3A1D5AC41D3313A400246D8B /* LaunchScreen.storyboard */; };
		3A1D5B381D3470E900246D8B /* Art Mural Gym.gpx in Resources */ = {isa = PBXBuildFile; fileRef = 3A1D5B2A1D3470E900246D8B /* Art Mural Gym.gpx */; };
		3A1D5B421D3470E900246D8B /* 2 - PCM.gpx in Resources */ = {isa = PBXBuildFile; fileRef = 3A1D5B341D3470E900246D8B /* 2 - PCM.gpx */; };
		3A1D5B431D3470E900246D8B /* 3 - QR Code Gym.gpx in Resources */ = {isa = PBXBuildFile; fileRef = 3A1D5B351D3470E900246D8B /* 3 - QR Code Gym.gpx */; };
		3A2851B21E6465C2003B8ED6 /* 1 - Starbucks Gym.gpx in Resources */ = {isa = PBXBuildFile; fileRef = 3A2851B11E6465C2003B8ED6 /* 1 - Starbucks Gym.gpx */; };
		3A5E141B1E16F736005BF82A /* Windermere.gpx in Resources */ = {isa = PBXBuildFile; fileRef = 3A5E141A1E16F736005BF82A /* Windermere.gpx */; };
		3A5E1864211F639A00498E90 /* 4 - Chipotle.gpx in Resources */ = {isa = PBXBuildFile; fileRef = 3A5E1863211F639A00498E90 /* 4 - Chipotle.gpx */; };
		3AE296EE1E83483E00F5288F /* Wetland 2.gpx in Resources */ = {isa = PBXBuildFile; fileRef = 3AE296EC1E83483E00F5288F /* Wetland 2.gpx */; };
		3AE296EF1E83483E00F5288F /* Wetland 3.gpx in Resources */ = {isa = PBXBuildFile; fileRef = 3AE296ED1E83483E00F5288F /* Wetland 3.gpx */; };
		3AE296F11E83497200F5288F /* River 1.gpx in Resources */ = {isa = PBXBuildFile; fileRef = 3AE296F01E83497200F5288F /* River 1.gpx */; };
		3AE296F31E83497900F5288F /* Wetland 1.gpx in Resources */ = {isa = PBXBuildFile; fileRef = 3AE296F21E83497900F5288F /* Wetland 1.gpx */; };
/* End PBXBuildFile section */

/* Begin PBXFileReference section */
		3A0ECF6721382D5700E4F626 /* Z2 - Between Hyatt Marriott.gpx */ = {isa = PBXFileReference; fileEncoding = 4; lastKnownFileType = text.xml; path = "Z2 - Between Hyatt Marriott.gpx"; sourceTree = "<group>"; };
		3A0ECF6821382D5800E4F626 /* Z3 - Marriott Marquis.gpx */ = {isa = PBXFileReference; fileEncoding = 4; lastKnownFileType = text.xml; path = "Z3 - Marriott Marquis.gpx"; sourceTree = "<group>"; };
		3A0ECF6921382D5800E4F626 /* Z1 - Hyatt Regency.gpx */ = {isa = PBXFileReference; fileEncoding = 4; lastKnownFileType = text.xml; path = "Z1 - Hyatt Regency.gpx"; sourceTree = "<group>"; };
		3A0ECF6D213830E700E4F626 /* Z4 - Hyatt Marriott SE.gpx */ = {isa = PBXFileReference; fileEncoding = 4; lastKnownFileType = text.xml; path = "Z4 - Hyatt Marriott SE.gpx"; sourceTree = "<group>"; };
		3A0ECF6F2138323C00E4F626 /* Z5 - Hyatt Marriott NE.gpx */ = {isa = PBXFileReference; fileEncoding = 4; lastKnownFileType = text.xml; path = "Z5 - Hyatt Marriott NE.gpx"; sourceTree = "<group>"; };
		3A0ECF7121383F9B00E4F626 /* Z0 - Hyatt Regency SW.gpx */ = {isa = PBXFileReference; fileEncoding = 4; lastKnownFileType = text.xml; path = "Z0 - Hyatt Regency SW.gpx"; sourceTree = "<group>"; };
		3A0ECF732138404B00E4F626 /* Z - Peachtree Center.gpx */ = {isa = PBXFileReference; fileEncoding = 4; lastKnownFileType = text.xml; path = "Z - Peachtree Center.gpx"; sourceTree = "<group>"; };
		3A1B94271D36ECD70040A483 /* Ponce Ball Park.gpx */ = {isa = PBXFileReference; fileEncoding = 4; lastKnownFileType = text; path = "Ponce Ball Park.gpx"; sourceTree = "<group>"; };
		3A1D5AB31D3313A400246D8B /* GPSpoofer.app */ = {isa = PBXFileReference; explicitFileType = wrapper.application; includeInIndex = 0; path = GPSpoofer.app; sourceTree = BUILT_PRODUCTS_DIR; };
		3A1D5AB71D3313A400246D8B /* main.m */ = {isa = PBXFileReference; lastKnownFileType = sourcecode.c.objc; path = main.m; sourceTree = "<group>"; };
		3A1D5AB91D3313A400246D8B /* AppDelegate.h */ = {isa = PBXFileReference; lastKnownFileType = sourcecode.c.h; path = AppDelegate.h; sourceTree = "<group>"; };
		3A1D5ABA1D3313A400246D8B /* AppDelegate.m */ = {isa = PBXFileReference; lastKnownFileType = sourcecode.c.objc; path = AppDelegate.m; sourceTree = "<group>"; };
		3A1D5ABC1D3313A400246D8B /* ViewController.h */ = {isa = PBXFileReference; lastKnownFileType = sourcecode.c.h; path = ViewController.h; sourceTree = "<group>"; };
		3A1D5ABD1D3313A400246D8B /* ViewController.m */ = {isa = PBXFileReference; lastKnownFileType = sourcecode.c.objc; path = ViewController.m; sourceTree = "<group>"; };
		3A1D5AC01D3313A400246D8B /* Base */ = {isa = PBXFileReference; lastKnownFileType = file.storyboard; name = Base; path = Base.lproj/Main.storyboard; sourceTree = "<group>"; };
		3A1D5AC21D3313A400246D8B /* Assets.xcassets */ = {isa = PBXFileReference; lastKnownFileType = folder.assetcatalog; path = Assets.xcassets; sourceTree = "<group>"; };
		3A1D5AC51D3313A400246D8B /* Base */ = {isa = PBXFileReference; lastKnownFileType = file.storyboard; name = Base; path = Base.lproj/LaunchScreen.storyboard; sourceTree = "<group>"; };
		3A1D5AC71D3313A400246D8B /* Info.plist */ = {isa = PBXFileReference; lastKnownFileType = text.plist.xml; path = Info.plist; sourceTree = "<group>"; };
		3A1D5B2A1D3470E900246D8B /* Art Mural Gym.gpx */ = {isa = PBXFileReference; fileEncoding = 4; lastKnownFileType = text.xml; path = "Art Mural Gym.gpx"; sourceTree = "<group>"; };
		3A1D5B341D3470E900246D8B /* 2 - PCM.gpx */ = {isa = PBXFileReference; fileEncoding = 4; lastKnownFileType = text.xml; path = "2 - PCM.gpx"; sourceTree = "<group>"; };
		3A1D5B351D3470E900246D8B /* 3 - QR Code Gym.gpx */ = {isa = PBXFileReference; fileEncoding = 4; lastKnownFileType = text.xml; path = "3 - QR Code Gym.gpx"; sourceTree = "<group>"; };
		3A2851B11E6465C2003B8ED6 /* 1 - Starbucks Gym.gpx */ = {isa = PBXFileReference; fileEncoding = 4; lastKnownFileType = text.xml; path = "1 - Starbucks Gym.gpx"; sourceTree = "<group>"; };
		3A5E141A1E16F736005BF82A /* Windermere.gpx */ = {isa = PBXFileReference; fileEncoding = 4; lastKnownFileType = text.xml; path = Windermere.gpx; sourceTree = "<group>"; };
		3A5E143B1E1BCE0B005BF82A /* GPSpoofer copy-Info.plist */ = {isa = PBXFileReference; lastKnownFileType = text.plist.xml; name = "GPSpoofer copy-Info.plist"; path = "/Users/drew/Workspace/return7/GPSpoofer/GPSpoofer copy-Info.plist"; sourceTree = "<absolute>"; };
		3A5E1863211F639A00498E90 /* 4 - Chipotle.gpx */ = {isa = PBXFileReference; fileEncoding = 4; lastKnownFileType = text.xml; path = "4 - Chipotle.gpx"; sourceTree = "<group>"; };
		3AE296EC1E83483E00F5288F /* Wetland 2.gpx */ = {isa = PBXFileReference; fileEncoding = 4; lastKnownFileType = text.xml; path = "Wetland 2.gpx"; sourceTree = "<group>"; };
		3AE296ED1E83483E00F5288F /* Wetland 3.gpx */ = {isa = PBXFileReference; fileEncoding = 4; lastKnownFileType = text.xml; path = "Wetland 3.gpx"; sourceTree = "<group>"; };
		3AE296F01E83497200F5288F /* River 1.gpx */ = {isa = PBXFileReference; fileEncoding = 4; lastKnownFileType = text.xml; path = "River 1.gpx"; sourceTree = "<group>"; };
		3AE296F21E83497900F5288F /* Wetland 1.gpx */ = {isa = PBXFileReference; fileEncoding = 4; lastKnownFileType = text.xml; path = "Wetland 1.gpx"; sourceTree = "<group>"; };
/* End PBXFileReference section */

/* Begin PBXFrameworksBuildPhase section */
		3A1D5AB01D3313A400246D8B /* Frameworks */ = {
			isa = PBXFrameworksBuildPhase;
			buildActionMask = 2147483647;
			files = (
			);
			runOnlyForDeploymentPostprocessing = 0;
		};
/* End PBXFrameworksBuildPhase section */

/* Begin PBXGroup section */
		3A1D5AAA1D3313A400246D8B = {
			isa = PBXGroup;
			children = (
				3A1D5AB51D3313A400246D8B /* GPSpoofer */,
				3A1D5AB41D3313A400246D8B /* Products */,
				3A5E143B1E1BCE0B005BF82A /* GPSpoofer copy-Info.plist */,
			);
			sourceTree = "<group>";
		};
		3A1D5AB41D3313A400246D8B /* Products */ = {
			isa = PBXGroup;
			children = (
				3A1D5AB31D3313A400246D8B /* GPSpoofer.app */,
			);
			name = Products;
			sourceTree = "<group>";
		};
		3A1D5AB51D3313A400246D8B /* GPSpoofer */ = {
			isa = PBXGroup;
			children = (
				3A1D5ACD1D33158D00246D8B /* GPX */,
				3A1D5AB91D3313A400246D8B /* AppDelegate.h */,
				3A1D5ABA1D3313A400246D8B /* AppDelegate.m */,
				3A1D5ABC1D3313A400246D8B /* ViewController.h */,
				3A1D5ABD1D3313A400246D8B /* ViewController.m */,
				3A1D5ABF1D3313A400246D8B /* Main.storyboard */,
				3A1D5AC21D3313A400246D8B /* Assets.xcassets */,
				3A1D5AC41D3313A400246D8B /* LaunchScreen.storyboard */,
				3A1D5AC71D3313A400246D8B /* Info.plist */,
				3A1D5AB61D3313A400246D8B /* Supporting Files */,
			);
			path = GPSpoofer;
			sourceTree = "<group>";
		};
		3A1D5AB61D3313A400246D8B /* Supporting Files */ = {
			isa = PBXGroup;
			children = (
				3A1D5AB71D3313A400246D8B /* main.m */,
			);
			name = "Supporting Files";
			sourceTree = "<group>";
		};
		3A1D5ACD1D33158D00246D8B /* GPX */ = {
			isa = PBXGroup;
			children = (
				3A1D5B2A1D3470E900246D8B /* Art Mural Gym.gpx */,
				3A2851B11E6465C2003B8ED6 /* 1 - Starbucks Gym.gpx */,
				3A1D5B341D3470E900246D8B /* 2 - PCM.gpx */,
				3A1D5B351D3470E900246D8B /* 3 - QR Code Gym.gpx */,
				3A5E1863211F639A00498E90 /* 4 - Chipotle.gpx */,
				3A1B94271D36ECD70040A483 /* Ponce Ball Park.gpx */,
				3A5E141A1E16F736005BF82A /* Windermere.gpx */,
				3AE296F21E83497900F5288F /* Wetland 1.gpx */,
				3AE296EC1E83483E00F5288F /* Wetland 2.gpx */,
				3AE296ED1E83483E00F5288F /* Wetland 3.gpx */,
				3AE296F01E83497200F5288F /* River 1.gpx */,
				3A0ECF732138404B00E4F626 /* Z - Peachtree Center.gpx */,
				3A0ECF7121383F9B00E4F626 /* Z0 - Hyatt Regency SW.gpx */,
				3A0ECF6921382D5800E4F626 /* Z1 - Hyatt Regency.gpx */,
				3A0ECF6721382D5700E4F626 /* Z2 - Between Hyatt Marriott.gpx */,
				3A0ECF6821382D5800E4F626 /* Z3 - Marriott Marquis.gpx */,
				3A0ECF6D213830E700E4F626 /* Z4 - Hyatt Marriott SE.gpx */,
				3A0ECF6F2138323C00E4F626 /* Z5 - Hyatt Marriott NE.gpx */,
			);
			path = GPX;
			sourceTree = "<group>";
		};
/* End PBXGroup section */

/* Begin PBXNativeTarget section */
		3A1D5AB21D3313A400246D8B /* GPSpoofer */ = {
			isa = PBXNativeTarget;
			buildConfigurationList = 3A1D5ACA1D3313A400246D8B /* Build configuration list for PBXNativeTarget "GPSpoofer" */;
			buildPhases = (
				3A1D5AAF1D3313A400246D8B /* Sources */,
				3A1D5AB01D3313A400246D8B /* Frameworks */,
				3A1D5AB11D3313A400246D8B /* Resources */,
			);
			buildRules = (
			);
			dependencies = (
			);
			name = GPSpoofer;
			productName = GPSpoofer;
			productReference = 3A1D5AB31D3313A400246D8B /* GPSpoofer.app */;
			productType = "com.apple.product-type.application";
		};
/* End PBXNativeTarget section */

/* Begin PBXProject section */
		3A1D5AAB1D3313A400246D8B /* Project object */ = {
			isa = PBXProject;
			attributes = {
				LastUpgradeCheck = 1000;
				ORGANIZATIONNAME = return7;
				TargetAttributes = {
					3A1D5AB21D3313A400246D8B = {
						CreatedOnToolsVersion = 7.3.1;
						DevelopmentTeam = SN57L3U3UD;
					};
				};
			};
			buildConfigurationList = 3A1D5AAE1D3313A400246D8B /* Build configuration list for PBXProject "GPSpoofer" */;
			compatibilityVersion = "Xcode 3.2";
			developmentRegion = English;
			hasScannedForEncodings = 0;
			knownRegions = (
				en,
				Base,
			);
			mainGroup = 3A1D5AAA1D3313A400246D8B;
			productRefGroup = 3A1D5AB41D3313A400246D8B /* Products */;
			projectDirPath = "";
			projectRoot = "";
			targets = (
				3A1D5AB21D3313A400246D8B /* GPSpoofer */,
			);
		};
/* End PBXProject section */

/* Begin PBXResourcesBuildPhase section */
		3A1D5AB11D3313A400246D8B /* Resources */ = {
			isa = PBXResourcesBuildPhase;
			buildActionMask = 2147483647;
			files = (
				3A0ECF742138404C00E4F626 /* Z - Peachtree Center.gpx in Resources */,
				3A1D5AC61D3313A400246D8B /* LaunchScreen.storyboard in Resources */,
				3A1D5AC31D3313A400246D8B /* Assets.xcassets in Resources */,
				3A0ECF6E213830E700E4F626 /* Z4 - Hyatt Marriott SE.gpx in Resources */,
				3A0ECF6B21382D5800E4F626 /* Z3 - Marriott Marquis.gpx in Resources */,
				3AE296EF1E83483E00F5288F /* Wetland 3.gpx in Resources */,
				3A0ECF6C21382D5800E4F626 /* Z1 - Hyatt Regency.gpx in Resources */,
				3A1D5B431D3470E900246D8B /* 3 - QR Code Gym.gpx in Resources */,
				3A1D5AC11D3313A400246D8B /* Main.storyboard in Resources */,
				3A1D5B421D3470E900246D8B /* 2 - PCM.gpx in Resources */,
				3A2851B21E6465C2003B8ED6 /* 1 - Starbucks Gym.gpx in Resources */,
				3A0ECF7221383F9B00E4F626 /* Z0 - Hyatt Regency SW.gpx in Resources */,
				3A5E141B1E16F736005BF82A /* Windermere.gpx in Resources */,
				3AE296F31E83497900F5288F /* Wetland 1.gpx in Resources */,
				3A5E1864211F639A00498E90 /* 4 - Chipotle.gpx in Resources */,
				3A0ECF702138323C00E4F626 /* Z5 - Hyatt Marriott NE.gpx in Resources */,
				3AE296F11E83497200F5288F /* River 1.gpx in Resources */,
				3A1B94281D36ECD70040A483 /* Ponce Ball Park.gpx in Resources */,
				3A0ECF6A21382D5800E4F626 /* Z2 - Between Hyatt Marriott.gpx in Resources */,
				3A1D5B381D3470E900246D8B /* Art Mural Gym.gpx in Resources */,
				3AE296EE1E83483E00F5288F /* Wetland 2.gpx in Resources */,
			);
			runOnlyForDeploymentPostprocessing = 0;
		};
/* End PBXResourcesBuildPhase section */

/* Begin PBXSourcesBuildPhase section */
		3A1D5AAF1D3313A400246D8B /* Sources */ = {
			isa = PBXSourcesBuildPhase;
			buildActionMask = 2147483647;
			files = (
				3A1D5ABE1D3313A400246D8B /* ViewController.m in Sources */,
				3A1D5ABB1D3313A400246D8B /* AppDelegate.m in Sources */,
				3A1D5AB81D3313A400246D8B /* main.m in Sources */,
			);
			runOnlyForDeploymentPostprocessing = 0;
		};
/* End PBXSourcesBuildPhase section */

/* Begin PBXVariantGroup section */
		3A1D5ABF1D3313A400246D8B /* Main.storyboard */ = {
			isa = PBXVariantGroup;
			children = (
				3A1D5AC01D3313A400246D8B /* Base */,
			);
			name = Main.storyboard;
			sourceTree = "<group>";
		};
		3A1D5AC41D3313A400246D8B /* LaunchScreen.storyboard */ = {
			isa = PBXVariantGroup;
			children = (
				3A1D5AC51D3313A400246D8B /* Base */,
			);
			name = LaunchScreen.storyboard;
			sourceTree = "<group>";
		};
/* End PBXVariantGroup section */

/* Begin XCBuildConfiguration section */
		3A1D5AC81D3313A400246D8B /* Debug */ = {
			isa = XCBuildConfiguration;
			buildSettings = {
				ALWAYS_SEARCH_USER_PATHS = NO;
				CLANG_ANALYZER_NONNULL = YES;
				CLANG_CXX_LANGUAGE_STANDARD = "gnu++0x";
				CLANG_CXX_LIBRARY = "libc++";
				CLANG_ENABLE_MODULES = YES;
				CLANG_ENABLE_OBJC_ARC = YES;
				CLANG_WARN_BLOCK_CAPTURE_AUTORELEASING = YES;
				CLANG_WARN_BOOL_CONVERSION = YES;
				CLANG_WARN_COMMA = YES;
				CLANG_WARN_CONSTANT_CONVERSION = YES;
				CLANG_WARN_DEPRECATED_OBJC_IMPLEMENTATIONS = YES;
				CLANG_WARN_DIRECT_OBJC_ISA_USAGE = YES_ERROR;
				CLANG_WARN_EMPTY_BODY = YES;
				CLANG_WARN_ENUM_CONVERSION = YES;
				CLANG_WARN_INFINITE_RECURSION = YES;
				CLANG_WARN_INT_CONVERSION = YES;
				CLANG_WARN_NON_LITERAL_NULL_CONVERSION = YES;
				CLANG_WARN_OBJC_IMPLICIT_RETAIN_SELF = YES;
				CLANG_WARN_OBJC_LITERAL_CONVERSION = YES;
				CLANG_WARN_OBJC_ROOT_CLASS = YES_ERROR;
				CLANG_WARN_RANGE_LOOP_ANALYSIS = YES;
				CLANG_WARN_STRICT_PROTOTYPES = YES;
				CLANG_WARN_SUSPICIOUS_MOVE = YES;
				CLANG_WARN_UNREACHABLE_CODE = YES;
				CLANG_WARN__DUPLICATE_METHOD_MATCH = YES;
				"CODE_SIGN_IDENTITY[sdk=iphoneos*]" = "iPhone Developer";
				COPY_PHASE_STRIP = NO;
				DEBUG_INFORMATION_FORMAT = dwarf;
				ENABLE_STRICT_OBJC_MSGSEND = YES;
				ENABLE_TESTABILITY = YES;
				GCC_C_LANGUAGE_STANDARD = gnu99;
				GCC_DYNAMIC_NO_PIC = NO;
				GCC_NO_COMMON_BLOCKS = YES;
				GCC_OPTIMIZATION_LEVEL = 0;
				GCC_PREPROCESSOR_DEFINITIONS = (
					"DEBUG=1",
					"$(inherited)",
				);
				GCC_WARN_64_TO_32_BIT_CONVERSION = YES;
				GCC_WARN_ABOUT_RETURN_TYPE = YES_ERROR;
				GCC_WARN_UNDECLARED_SELECTOR = YES;
				GCC_WARN_UNINITIALIZED_AUTOS = YES_AGGRESSIVE;
				GCC_WARN_UNUSED_FUNCTION = YES;
				GCC_WARN_UNUSED_VARIABLE = YES;
				IPHONEOS_DEPLOYMENT_TARGET = 9.3;
				MTL_ENABLE_DEBUG_INFO = YES;
				ONLY_ACTIVE_ARCH = YES;
				SDKROOT = iphoneos;
				TARGETED_DEVICE_FAMILY = "1,2";
			};
			name = Debug;
		};
		3A1D5AC91D3313A400246D8B /* Release */ = {
			isa = XCBuildConfiguration;
			buildSettings = {
				ALWAYS_SEARCH_USER_PATHS = NO;
				CLANG_ANALYZER_NONNULL = YES;
				CLANG_CXX_LANGUAGE_STANDARD = "gnu++0x";
				CLANG_CXX_LIBRARY = "libc++";
				CLANG_ENABLE_MODULES = YES;
				CLANG_ENABLE_OBJC_ARC = YES;
				CLANG_WARN_BLOCK_CAPTURE_AUTORELEASING = YES;
				CLANG_WARN_BOOL_CONVERSION = YES;
				CLANG_WARN_COMMA = YES;
				CLANG_WARN_CONSTANT_CONVERSION = YES;
				CLANG_WARN_DEPRECATED_OBJC_IMPLEMENTATIONS = YES;
				CLANG_WARN_DIRECT_OBJC_ISA_USAGE = YES_ERROR;
				CLANG_WARN_EMPTY_BODY = YES;
				CLANG_WARN_ENUM_CONVERSION = YES;
				CLANG_WARN_INFINITE_RECURSION = YES;
				CLANG_WARN_INT_CONVERSION = YES;
				CLANG_WARN_NON_LITERAL_NULL_CONVERSION = YES;
				CLANG_WARN_OBJC_IMPLICIT_RETAIN_SELF = YES;
				CLANG_WARN_OBJC_LITERAL_CONVERSION = YES;
				CLANG_WARN_OBJC_ROOT_CLASS = YES_ERROR;
				CLANG_WARN_RANGE_LOOP_ANALYSIS = YES;
				CLANG_WARN_STRICT_PROTOTYPES = YES;
				CLANG_WARN_SUSPICIOUS_MOVE = YES;
				CLANG_WARN_UNREACHABLE_CODE = YES;
				CLANG_WARN__DUPLICATE_METHOD_MATCH = YES;
				"CODE_SIGN_IDENTITY[sdk=iphoneos*]" = "iPhone Developer";
				COPY_PHASE_STRIP = NO;
				DEBUG_INFORMATION_FORMAT = "dwarf-with-dsym";
				ENABLE_NS_ASSERTIONS = NO;
				ENABLE_STRICT_OBJC_MSGSEND = YES;
				GCC_C_LANGUAGE_STANDARD = gnu99;
				GCC_NO_COMMON_BLOCKS = YES;
				GCC_WARN_64_TO_32_BIT_CONVERSION = YES;
				GCC_WARN_ABOUT_RETURN_TYPE = YES_ERROR;
				GCC_WARN_UNDECLARED_SELECTOR = YES;
				GCC_WARN_UNINITIALIZED_AUTOS = YES_AGGRESSIVE;
				GCC_WARN_UNUSED_FUNCTION = YES;
				GCC_WARN_UNUSED_VARIABLE = YES;
				IPHONEOS_DEPLOYMENT_TARGET = 9.3;
				MTL_ENABLE_DEBUG_INFO = NO;
				SDKROOT = iphoneos;
				TARGETED_DEVICE_FAMILY = "1,2";
				VALIDATE_PRODUCT = YES;
			};
			name = Release;
		};
		3A1D5ACB1D3313A400246D8B /* Debug */ = {
			isa = XCBuildConfiguration;
			buildSettings = {
				ASSETCATALOG_COMPILER_APPICON_NAME = AppIcon;
				CODE_SIGN_IDENTITY = "iPhone Developer";
				"CODE_SIGN_IDENTITY[sdk=iphoneos*]" = "iPhone Developer";
				INFOPLIST_FILE = GPSpoofer/Info.plist;
				LD_RUNPATH_SEARCH_PATHS = "$(inherited) @executable_path/Frameworks";
				PRODUCT_BUNDLE_IDENTIFIER = com.return7.GPSpoofer;
				PRODUCT_NAME = "$(TARGET_NAME)";
				PROVISIONING_PROFILE = "";
			};
			name = Debug;
		};
		3A1D5ACC1D3313A400246D8B /* Release */ = {
			isa = XCBuildConfiguration;
			buildSettings = {
				ASSETCATALOG_COMPILER_APPICON_NAME = AppIcon;
				CODE_SIGN_IDENTITY = "iPhone Developer";
				"CODE_SIGN_IDENTITY[sdk=iphoneos*]" = "iPhone Developer";
				INFOPLIST_FILE = GPSpoofer/Info.plist;
				LD_RUNPATH_SEARCH_PATHS = "$(inherited) @executable_path/Frameworks";
				PRODUCT_BUNDLE_IDENTIFIER = com.return7.GPSpoofer;
				PRODUCT_NAME = "$(TARGET_NAME)";
				PROVISIONING_PROFILE = "";
			};
			name = Release;
		};
/* End XCBuildConfiguration section */

/* Begin XCConfigurationList section */
		3A1D5AAE1D3313A400246D8B /* Build configuration list for PBXProject "GPSpoofer" */ = {
			isa = XCConfigurationList;
			buildConfigurations = (
				3A1D5AC81D3313A400246D8B /* Debug */,
				3A1D5AC91D3313A400246D8B /* Release */,
			);
			defaultConfigurationIsVisible = 0;
			defaultConfigurationName = Release;
		};
		3A1D5ACA1D3313A400246D8B /* Build configuration list for PBXNativeTarget "GPSpoofer" */ = {
			isa = XCConfigurationList;
			buildConfigurations = (
				3A1D5ACB1D3313A400246D8B /* Debug */,
				3A1D5ACC1D3313A400246D8B /* Release */,
			);
			defaultConfigurationIsVisible = 0;
			defaultConfigurationName = Release;
		};
/* End XCConfigurationList section */
	};
	rootObject = 3A1D5AAB1D3313A400246D8B /* Project object */;
}
